{
  "name": "chat_subscriber",
  "lockfileVersion": 3,
  "requires": true,
  "packages": {
    "": {
      "devDependencies": {
        "@cloudflare/workers-types": "^4.20240405.0",
        "typescript": "^5.4.4"
      }
    },
    "node_modules/@cloudflare/workers-types": {
      "version": "4.20240405.0",
      "resolved": "https://registry.npmjs.org/@cloudflare/workers-types/-/workers-types-4.20240405.0.tgz",
      "integrity": "sha512-sEVOhyOgXUwfLkgHqbLZa/sfkSYrh7/zLmI6EZNibPaVPvAnAcItbNNl3SAlLyLKuwf8m4wAIAgu9meKWCvXjg==",
      "dev": true
    },
    "node_modules/typescript": {
      "version": "5.4.4",
      "resolved": "https://registry.npmjs.org/typescript/-/typescript-5.4.4.tgz",
      "integrity": "sha512-dGE2Vv8cpVvw28v8HCPqyb08EzbBURxDpuhJvTrusShUfGnhHBafDsLdS1EhhxyL6BJQE+2cT3dDPAv+MQ6oLw==",
      "dev": true,
      "bin": {
        "tsc": "bin/tsc",
        "tsserver": "bin/tsserver"
      },
      "engines": {
        "node": ">=14.17"
      }
    }
  }
}
